
Microsoft Visual Studio Solution File, Format Version 12.00
# Visual Studio Version 17
VisualStudioVersion = 17.3.32901.215
MinimumVisualStudioVersion = 10.0.40219.1
Project("{FAE04EC0-301F-11D3-BF4B-00C04F79EFBC}") = "EnisProject", "EnisProject\EnisProject.csproj", "{8DF37244-377D-4E61-8AC7-B09A7D258B42}"
EndProject
Global
	GlobalSection(SolutionConfigurationPlatforms) = preSolution
		Debug|Any CPU = Debug|Any CPU
		Release|Any CPU = Release|Any CPU
	EndGlobalSection
	GlobalSection(ProjectConfigurationPlatforms) = postSolution
		{8DF37244-377D-4E61-8AC7-B09A7D258B42}.Debug|Any CPU.ActiveCfg = Debug|Any CPU
		{8DF37244-377D-4E61-8AC7-B09A7D258B42}.Debug|Any CPU.Build.0 = Debug|Any CPU
		{8DF37244-377D-4E61-8AC7-B09A7D258B42}.Release|Any CPU.ActiveCfg = Release|Any CPU
		{8DF37244-377D-4E61-8AC7-B09A7D258B42}.Release|Any CPU.Build.0 = Release|Any CPU
	EndGlobalSection
	GlobalSection(SolutionProperties) = preSolution
		HideSolutionNode = FALSE
	EndGlobalSection
	GlobalSection(ExtensibilityGlobals) = postSolution
		SolutionGuid = {9FB7D07D-6068-4E23-A81A-5A03C405D40B}
	EndGlobalSection
EndGlobal
